{
  "requires": true,
  "lockfileVersion": 1,
  "dependencies": {
    "vue-qr": {
      "version": "2.3.0",
      "resolved": "https://registry.npmjs.org/vue-qr/-/vue-qr-2.3.0.tgz",
      "integrity": "sha512-qcmMKNVz4dSZjXsUIQmK/QoODvOYg8+EyCaCynZfwcUJk4mjsevEv+z4uYoRz0Or1ET9UMwjV7/GQdHTSFCIIA=="
    }
  }
}
